[[package]]
name = "absl-py"
version = "2.3.1"
description = "Abseil Python Common Libraries, see https://github.com/abseil/abseil-py."
category = "main"
optional = false
python-versions = ">=3.8"

[[package]]
name = "antlr4-python3-runtime"
version = "4.13.2"
description = "ANTLR 4.13.2 runtime for Python 3"
category = "main"
optional = false
python-versions = "*"

[[package]]
name = "astor"
version = "0.8.1"
description = "Read/rewrite/write Python ASTs"
category = "main"
optional = false
python-versions = "!=3.0.*,!=3.1.*,!=3.2.*,!=3.3.*,>=2.7"

[[package]]
name = "cachetools"
version = "6.2.0"
description = "Extensible memoizing collections and decorators"
category = "main"
optional = false
python-versions = ">=3.9"

[[package]]
name = "carla"
version = "0.9.15"
description = "Python API for communicating with the CARLA server."
category = "main"
optional = false
python-versions = "*"

[[package]]
name = "certifi"
version = "2025.8.3"
description = "Python package for providing Mozilla's CA Bundle."
category = "main"
optional = false
python-versions = ">=3.7"

[[package]]
name = "charset-normalizer"
version = "3.4.3"
description = "The Real First Universal Charset Detector. Open, modern and actively maintained alternative to Chardet."
category = "main"
optional = false
python-versions = ">=3.7"

[[package]]
name = "cloudpickle"
version = "3.1.1"
description = "Pickler class to extend the standard pickle.Pickler functionality"
category = "main"
optional = false
python-versions = ">=3.8"

[[package]]
name = "contourpy"
version = "1.3.2"
description = "Python library for calculating contours of 2D quadrilateral grids"
category = "main"
optional = false
python-versions = ">=3.10"

[package.dependencies]
numpy = ">=1.23"

[package.extras]
docs = ["furo", "sphinx (>=7.2)", "sphinx-copybutton"]
bokeh = ["bokeh", "selenium"]
mypy = ["contourpy", "bokeh", "docutils-stubs", "mypy (==1.15.0)", "types-pillow"]
test = ["contourpy", "matplotlib", "pillow"]
test-no-images = ["pytest", "pytest-cov", "pytest-rerunfailures", "pytest-xdist", "wurlitzer"]

[[package]]
name = "cycler"
version = "0.12.1"
description = "Composable style cycles"
category = "main"
optional = false
python-versions = ">=3.8"

[package.extras]
docs = ["ipython", "matplotlib", "numpydoc", "sphinx"]
tests = ["pytest", "pytest-cov", "pytest-xdist"]

[[package]]
name = "dictor"
version = "0.1.12"
description = "an elegant dictionary and JSON handler"
category = "main"
optional = false
python-versions = "*"

[[package]]
name = "easydict"
version = "1.13"
description = "Access dict values as attributes (works recursively)."
category = "main"
optional = false
python-versions = "*"

[[package]]
name = "ephem"
version = "4.2"
description = "Compute positions of the planets and stars"
category = "main"
optional = false
python-versions = "*"

[[package]]
name = "farama-notifications"
version = "0.0.4"
description = "Notifications for all Farama Foundation maintained libraries."
category = "main"
optional = false
python-versions = "*"

[[package]]
name = "filelock"
version = "3.19.1"
description = "A platform independent file lock."
category = "main"
optional = false
python-versions = ">=3.9"

[[package]]
name = "fonttools"
version = "4.59.1"
description = "Tools to manipulate font files"
category = "main"
optional = false
python-versions = ">=3.9"

[package.extras]
lxml = ["lxml (>=4.0)"]
woff = ["brotli (>=1.0.1)", "brotlicffi (>=0.8.0)", "zopfli (>=0.1.4)"]
unicode = ["unicodedata2 (>=15.1.0)"]
graphite = ["lz4 (>=1.7.4.2)"]
interpolatable = ["scipy", "munkres", "pycairo"]
plot = ["matplotlib"]
symfont = ["sympy"]
type1 = ["xattr"]
pathops = ["skia-pathops (>=0.5.0)"]
repacker = ["uharfbuzz (>=0.23.0)"]
all = ["lxml (>=4.0)", "brotli (>=1.0.1)", "brotlicffi (>=0.8.0)", "zopfli (>=0.1.4)", "unicodedata2 (>=15.1.0)", "lz4 (>=1.7.4.2)", "scipy", "munkres", "pycairo", "matplotlib", "sympy", "xattr", "skia-pathops (>=0.5.0)", "uharfbuzz (>=0.23.0)"]

[[package]]
name = "fsspec"
version = "2025.7.0"
description = "File-system specification"
category = "main"
optional = false
python-versions = ">=3.9"

[package.extras]
abfs = ["adlfs"]
adl = ["adlfs"]
arrow = ["pyarrow (>=1)"]
dask = ["dask", "distributed"]
dev = ["pre-commit", "ruff (>=0.5)"]
doc = ["numpydoc", "sphinx", "sphinx-design", "sphinx-rtd-theme", "yarl"]
dropbox = ["dropbox", "dropboxdrivefs", "requests"]
full = ["adlfs", "aiohttp (!=4.0.0a0,!=4.0.0a1)", "dask", "distributed", "dropbox", "dropboxdrivefs", "fusepy", "gcsfs", "libarchive-c", "ocifs", "panel", "paramiko", "pyarrow (>=1)", "pygit2", "requests", "s3fs", "smbprotocol", "tqdm"]
fuse = ["fusepy"]
gcs = ["gcsfs"]
git = ["pygit2"]
github = ["requests"]
gs = ["gcsfs"]
gui = ["panel"]
hdfs = ["pyarrow (>=1)"]
http = ["aiohttp (!=4.0.0a0,!=4.0.0a1)"]
libarchive = ["libarchive-c"]
oci = ["ocifs"]
s3 = ["s3fs"]
sftp = ["paramiko"]
smb = ["smbprotocol"]
ssh = ["paramiko"]
test = ["aiohttp (!=4.0.0a0,!=4.0.0a1)", "numpy", "pytest", "pytest-asyncio (!=0.22.0)", "pytest-benchmark", "pytest-cov", "pytest-mock", "pytest-recording", "pytest-rerunfailures", "requests"]
test-downstream = ["aiobotocore (>=2.5.4,<3.0.0)", "dask", "moto[server] (>4,<5)", "pytest-timeout", "xarray"]
test-full = ["adlfs", "aiohttp (!=4.0.0a0,!=4.0.0a1)", "cloudpickle", "dask", "distributed", "dropbox", "dropboxdrivefs", "fastparquet", "fusepy", "gcsfs", "jinja2", "kerchunk", "libarchive-c", "lz4", "notebook", "numpy", "ocifs", "pandas", "panel", "paramiko", "pyarrow", "pyarrow (>=1)", "pyftpdlib", "pygit2", "pytest", "pytest-asyncio (!=0.22.0)", "pytest-benchmark", "pytest-cov", "pytest-mock", "pytest-recording", "pytest-rerunfailures", "python-snappy", "requests", "smbprotocol", "tqdm", "urllib3", "zarr", "zstandard"]
tqdm = ["tqdm"]

[[package]]
name = "future"
version = "1.0.0"
description = "Clean single-source support for Python 3 and 2"
category = "main"
optional = false
python-versions = ">=2.6, !=3.0.*, !=3.1.*, !=3.2.*"

[[package]]
name = "gast"
version = "0.6.0"
description = "Python AST that abstracts the underlying Python version"
category = "main"
optional = false
python-versions = "!=3.0.*,!=3.1.*,!=3.2.*,!=3.3.*,>=2.7"

[[package]]
name = "google-pasta"
version = "0.2.0"
description = "pasta is an AST-based Python refactoring library"
category = "main"
optional = false
python-versions = "*"

[package.dependencies]
six = "*"

[[package]]
name = "grpcio"
version = "1.74.0"
description = "HTTP/2-based RPC framework"
category = "main"
optional = false
python-versions = ">=3.9"

[package.extras]
protobuf = ["grpcio-tools (>=1.74.0)"]

[[package]]
name = "gym-notices"
version = "0.1.0"
description = "Notices for gym"
category = "main"
optional = false
python-versions = "*"

[[package]]
name = "gymnasium"
version = "1.2.0"
description = "A standard API for reinforcement learning and a diverse set of reference environments (formerly Gym)."
category = "main"
optional = false
python-versions = ">=3.10"

[package.dependencies]
cloudpickle = ">=1.2.0"
farama-notifications = ">=0.0.1"
numpy = ">=1.21.0"
typing-extensions = ">=4.3.0"

[package.extras]
atari = ["ale_py (>=0.9)"]
box2d = ["box2d-py (==2.3.5)", "pygame (>=2.1.3)", "swig (>=4.0.0,<5.0.0)"]
classic-control = ["pygame (>=2.1.3)", "pygame (>=2.1.3)"]
mujoco = ["mujoco (>=2.1.5)", "imageio (>=2.14.1)", "packaging (>=23.0)"]
toy-text = ["pygame (>=2.1.3)", "pygame (>=2.1.3)"]
jax = ["jax (>=0.4.16)", "jaxlib (>=0.4.16)", "flax (>=0.5.0)", "array-api-compat (>=1.11.0)", "numpy (>=2.1)"]
torch = ["torch (>=1.13.0)", "array-api-compat (>=1.11.0)", "numpy (>=2.1)"]
array-api = ["array-api-compat (>=1.11.0)", "numpy (>=2.1)"]
other = ["moviepy (>=1.0.0)", "matplotlib (>=3.0)", "opencv-python (>=3.0)", "seaborn (>=0.13)"]
all = ["ale_py (>=0.9)", "box2d-py (==2.3.5)", "pygame (>=2.1.3)", "swig (>=4.0.0,<5.0.0)", "pygame (>=2.1.3)", "mujoco (>=2.1.5)", "imageio (>=2.14.1)", "packaging (>=23.0)", "pygame (>=2.1.3)", "jax (>=0.4.16)", "jaxlib (>=0.4.16)", "flax (>=0.5.0)", "array-api-compat (>=1.11.0)", "numpy (>=2.1)", "torch (>=1.13.0)", "array-api-compat (>=1.11.0)", "numpy (>=2.1)", "array-api-compat (>=1.11.0)", "numpy (>=2.1)", "opencv-python (>=3.0)", "matplotlib (>=3.0)", "moviepy (>=1.0.0)"]
testing = ["pytest (>=7.1.3)", "scipy (>=1.7.3)", "dill (>=0.3.7)", "array_api_extra (>=0.7.0)"]

[[package]]
name = "h5py"
version = "3.14.0"
description = "Read and write HDF5 files from Python"
category = "main"
optional = false
python-versions = ">=3.9"

[package.dependencies]
numpy = ">=1.19.3"

[[package]]
name = "idna"
version = "3.10"
description = "Internationalized Domain Names in Applications (IDNA)"
category = "main"
optional = false
python-versions = ">=3.6"

[package.extras]
all = ["ruff (>=0.6.2)", "mypy (>=1.11.2)", "pytest (>=8.3.2)", "flake8 (>=7.1.1)"]

[[package]]
name = "importlib-metadata"
version = "8.7.0"
description = "Read metadata from Python packages"
category = "main"
optional = false
python-versions = ">=3.9"

[package.dependencies]
zipp = ">=3.20"

[package.extras]
test = ["pytest (>=6,<8.1.0 || >=8.2.0)", "importlib_resources (>=1.3)", "packaging", "pyfakefs", "flufl.flake8", "pytest-perf (>=0.9.2)", "jaraco.test (>=5.4)"]
doc = ["sphinx (>=3.5)", "jaraco.packaging (>=9.3)", "rst.linker (>=1.9)", "furo", "sphinx-lint", "jaraco.tidelift (>=1.4)"]
perf = ["ipython"]
check = ["pytest-checkdocs (>=2.4)", "pytest-ruff (>=0.2.1)"]
cover = ["pytest-cov"]
enabler = ["pytest-enabler (>=2.2)"]
type = ["pytest-mypy"]

[[package]]
name = "importlib-resources"
version = "6.5.2"
description = "Read resources from Python packages"
category = "main"
optional = false
python-versions = ">=3.9"

[package.extras]
test = ["pytest (>=6,<8.1.0 || >=8.2.0)", "zipp (>=3.17)", "jaraco.test (>=5.4)"]
doc = ["sphinx (>=3.5)", "jaraco.packaging (>=9.3)", "rst.linker (>=1.9)", "furo", "sphinx-lint", "jaraco.tidelift (>=1.4)"]
check = ["pytest-checkdocs (>=2.4)", "pytest-ruff (>=0.2.1)"]
cover = ["pytest-cov"]
enabler = ["pytest-enabler (>=2.2)"]
type = ["pytest-mypy"]

[[package]]
name = "jax-jumpy"
version = "1.0.0"
description = "Common backend for Jax or Numpy."
category = "main"
optional = false
python-versions = ">=3.7"

[package.dependencies]
numpy = ">=1.18.0"

[package.extras]
jax = ["jax (>=0.3.24)", "jaxlib (>=0.3.24)"]
testing = ["pytest (==7.1.3)"]

[[package]]
name = "jinja2"
version = "3.1.6"
description = "A very fast and expressive template engine."
category = "main"
optional = false
python-versions = ">=3.7"

[package.dependencies]
MarkupSafe = ">=2.0"

[package.extras]
i18n = ["Babel (>=2.7)"]

[[package]]
name = "joblib"
version = "1.5.2"
description = "Lightweight pipelining with Python functions"
category = "main"
optional = false
python-versions = ">=3.9"

[[package]]
name = "keras-applications"
version = "1.0.8"
description = "Reference implementations of popular deep learning models"
category = "main"
optional = false
python-versions = "*"

[package.dependencies]
h5py = "*"
numpy = ">=1.9.1"

[package.extras]
tests = ["pytest", "pytest-pep8", "pytest-xdist", "pytest-cov"]

[[package]]
name = "keras-preprocessing"
version = "1.1.2"
description = "Easy data preprocessing and data augmentation for deep learning models"
category = "main"
optional = false
python-versions = "*"

[package.dependencies]
numpy = ">=1.9.1"
six = ">=1.9.0"

[package.extras]
image = ["scipy (>=0.14)", "Pillow (>=5.2.0)"]
pep8 = ["flake8"]
tests = ["pandas", "pillow", "tensorflow", "keras", "pytest", "pytest-xdist", "pytest-cov"]

[[package]]
name = "kiwisolver"
version = "1.4.9"
description = "A fast implementation of the Cassowary constraint solver"
category = "main"
optional = false
python-versions = ">=3.10"

[[package]]
name = "lanelet2"
version = "1.2.2"
description = "Map handling framework for automated driving."
category = "main"
optional = false
python-versions = "*"

[[package]]
name = "laspy"
version = "2.6.1"
description = "Native Python ASPRS LAS read/write library"
category = "main"
optional = false
python-versions = ">=3.9"

[package.dependencies]
numpy = "*"

[package.extras]
dev = ["pytest", "coverage", "sphinx", "sphinx-rtd-theme", "nox", "attrs (>=24.1)", "black (==22.3.0)", "pytest-benchmark", "m2r2", "rangehttpserver", "isort (==5.11.5)"]
lazrs = ["lazrs (>=0.7.0,<0.8.0)"]
laszip = ["laszip (>=0.2.1,<0.3.0)"]
pyproj = ["pyproj"]
requests = ["requests"]
cli = ["typer[all] (>=0.8.0)", "rich (>=10.11.0)"]

[[package]]
name = "markdown"
version = "3.8.2"
description = "Python implementation of John Gruber's Markdown."
category = "main"
optional = false
python-versions = ">=3.9"

[package.extras]
testing = ["coverage", "pyyaml"]
docs = ["mkdocs (>=1.6)", "mkdocs-nature (>=0.6)", "mdx_gh_links (>=0.2)", "mkdocstrings", "mkdocs-gen-files", "mkdocs-section-index", "mkdocs-literate-nav"]

[[package]]
name = "markupsafe"
version = "3.0.2"
description = "Safely add untrusted strings to HTML/XML markup."
category = "main"
optional = false
python-versions = ">=3.9"

[[package]]
name = "matplotlib"
version = "3.10.5"
description = "Python plotting package"
category = "main"
optional = false
python-versions = ">=3.10"

[package.dependencies]
contourpy = ">=1.0.1"
cycler = ">=0.10"
fonttools = ">=4.22.0"
kiwisolver = ">=1.3.1"
numpy = ">=1.23"
packaging = ">=20.0"
pillow = ">=8"
pyparsing = ">=2.3.1"
python-dateutil = ">=2.7"

[package.extras]
dev = ["meson-python (>=0.13.1,<0.17.0)", "pybind11 (>=2.13.2,!=2.13.3)", "setuptools_scm (>=7)", "setuptools (>=64)"]

[[package]]
name = "mpi4py"
version = "4.1.0"
description = "Python bindings for MPI"
category = "main"
optional = false
python-versions = ">=3.8"

[[package]]
name = "mpmath"
version = "1.3.0"
description = "Python library for arbitrary-precision floating-point arithmetic"
category = "main"
optional = false
python-versions = "*"

[package.extras]
develop = ["pytest (>=4.6)", "pycodestyle", "pytest-cov", "codecov", "wheel"]
docs = ["sphinx"]
gmpy = ["gmpy2 (>=2.1.0a4)"]
tests = ["pytest (>=4.6)"]

[[package]]
name = "networkx"
version = "3.4.2"
description = "Python package for creating and manipulating graphs and networks"
category = "main"
optional = false
python-versions = ">=3.10"

[package.extras]
default = ["numpy (>=1.24)", "scipy (>=1.10,!=1.11.0,!=1.11.1)", "matplotlib (>=3.7)", "pandas (>=2.0)"]
developer = ["changelist (==0.5)", "pre-commit (>=3.2)", "mypy (>=1.1)", "rtoml"]
doc = ["sphinx (>=7.3)", "pydata-sphinx-theme (>=0.15)", "sphinx-gallery (>=0.16)", "numpydoc (>=1.8.0)", "pillow (>=9.4)", "texext (>=0.6.7)", "myst-nb (>=1.1)", "intersphinx-registry"]
example = ["osmnx (>=1.9)", "momepy (>=0.7.2)", "contextily (>=1.6)", "seaborn (>=0.13)", "cairocffi (>=1.7)", "igraph (>=0.11)", "scikit-learn (>=1.5)"]
extra = ["lxml (>=4.6)", "pygraphviz (>=1.14)", "pydot (>=3.0.1)", "sympy (>=1.10)"]
test = ["pytest (>=7.2)", "pytest-cov (>=4.0)"]

[[package]]
name = "numpy"
version = "2.2.6"
description = "Fundamental package for array computing in Python"
category = "main"
optional = false
python-versions = ">=3.10"

[[package]]
name = "nvidia-cublas-cu11"
version = "11.11.3.6"
description = "CUBLAS native runtime libraries"
category = "main"
optional = false
python-versions = ">=3"

[[package]]
name = "nvidia-cublas-cu12"
version = "12.8.4.1"
description = "CUBLAS native runtime libraries"
category = "main"
optional = false
python-versions = ">=3"

[[package]]
name = "nvidia-cuda-cupti-cu12"
version = "12.8.90"
description = "CUDA profiling tools runtime libs."
category = "main"
optional = false
python-versions = ">=3"

[[package]]
name = "nvidia-cuda-nvrtc-cu11"
version = "11.8.89"
description = "NVRTC native runtime libraries"
category = "main"
optional = false
python-versions = ">=3"

[[package]]
name = "nvidia-cuda-nvrtc-cu12"
version = "12.8.93"
description = "NVRTC native runtime libraries"
category = "main"
optional = false
python-versions = ">=3"

[[package]]
name = "nvidia-cuda-runtime-cu11"
version = "11.8.89"
description = "CUDA Runtime native Libraries"
category = "main"
optional = false
python-versions = ">=3"

[[package]]
name = "nvidia-cuda-runtime-cu12"
version = "12.8.90"
description = "CUDA Runtime native Libraries"
category = "main"
optional = false
python-versions = ">=3"

[[package]]
name = "nvidia-cudnn-cu11"
version = "9.10.2.21"
description = "cuDNN runtime libraries"
category = "main"
optional = false
python-versions = ">=3"

[package.dependencies]
nvidia-cublas-cu11 = "*"

[[package]]
name = "nvidia-cudnn-cu12"
version = "9.10.2.21"
description = "cuDNN runtime libraries"
category = "main"
optional = false
python-versions = ">=3"

[package.dependencies]
nvidia-cublas-cu12 = "*"

[[package]]
name = "nvidia-cufft-cu12"
version = "11.3.3.83"
description = "CUFFT native runtime libraries"
category = "main"
optional = false
python-versions = ">=3"

[package.dependencies]
nvidia-nvjitlink-cu12 = "*"

[[package]]
name = "nvidia-cufile-cu12"
version = "1.13.1.3"
description = "cuFile GPUDirect libraries"
category = "main"
optional = false
python-versions = ">=3"

[[package]]
name = "nvidia-curand-cu12"
version = "10.3.9.90"
description = "CURAND native runtime libraries"
category = "main"
optional = false
python-versions = ">=3"

[[package]]
name = "nvidia-cusolver-cu12"
version = "11.7.3.90"
description = "CUDA solver native runtime libraries"
category = "main"
optional = false
python-versions = ">=3"

[package.dependencies]
nvidia-cublas-cu12 = "*"
nvidia-cusparse-cu12 = "*"
nvidia-nvjitlink-cu12 = "*"

[[package]]
name = "nvidia-cusparse-cu12"
version = "12.5.8.93"
description = "CUSPARSE native runtime libraries"
category = "main"
optional = false
python-versions = ">=3"

[package.dependencies]
nvidia-nvjitlink-cu12 = "*"

[[package]]
name = "nvidia-cusparselt-cu12"
version = "0.7.1"
description = "NVIDIA cuSPARSELt"
category = "main"
optional = false
python-versions = "*"

[[package]]
name = "nvidia-nccl-cu12"
version = "2.27.3"
description = "NVIDIA Collective Communication Library (NCCL) Runtime"
category = "main"
optional = false
python-versions = ">=3"

[[package]]
name = "nvidia-nvjitlink-cu12"
version = "12.8.93"
description = "Nvidia JIT LTO Library"
category = "main"
optional = false
python-versions = ">=3"

[[package]]
name = "nvidia-nvtx-cu12"
version = "12.8.90"
description = "NVIDIA Tools Extension"
category = "main"
optional = false
python-versions = ">=3"

[[package]]
name = "oauthlib"
version = "3.3.1"
description = "A generic, spec-compliant, thorough implementation of the OAuth request-signing logic"
category = "main"
optional = false
python-versions = ">=3.8"

[package.extras]
rsa = ["cryptography (>=3.0.0)"]
signedtoken = ["cryptography (>=3.0.0)", "pyjwt (>=2.0.0,<3)"]
signals = ["blinker (>=1.4.0)"]

[[package]]
name = "packaging"
version = "25.0"
description = "Core utilities for Python packages"
category = "main"
optional = false
python-versions = ">=3.8"

[[package]]
name = "pandas"
version = "2.3.2"
description = "Powerful data structures for data analysis, time series, and statistics"
category = "main"
optional = false
python-versions = ">=3.9"

[package.dependencies]
numpy = {version = ">=1.22.4", markers = "python_version < \"3.11\""}
python-dateutil = ">=2.8.2"
pytz = ">=2020.1"
tzdata = ">=2022.7"

[package.extras]
test = ["hypothesis (>=6.46.1)", "pytest (>=7.3.2)", "pytest-xdist (>=2.2.0)"]
pyarrow = ["pyarrow (>=10.0.1)"]
performance = ["bottleneck (>=1.3.6)", "numba (>=0.56.4)", "numexpr (>=2.8.4)"]
computation = ["scipy (>=1.10.0)", "xarray (>=2022.12.0)"]
fss = ["fsspec (>=2022.11.0)"]
aws = ["s3fs (>=2022.11.0)"]
gcp = ["gcsfs (>=2022.11.0)", "pandas-gbq (>=0.19.0)"]
excel = ["odfpy (>=1.4.1)", "openpyxl (>=3.1.0)", "python-calamine (>=0.1.7)", "pyxlsb (>=1.0.10)", "xlrd (>=2.0.1)", "xlsxwriter (>=3.0.5)"]
parquet = ["pyarrow (>=10.0.1)"]
feather = ["pyarrow (>=10.0.1)"]
hdf5 = ["tables (>=3.8.0)"]
spss = ["pyreadstat (>=1.2.0)"]
postgresql = ["SQLAlchemy (>=2.0.0)", "psycopg2 (>=2.9.6)", "adbc-driver-postgresql (>=0.8.0)"]
mysql = ["SQLAlchemy (>=2.0.0)", "pymysql (>=1.0.2)"]
sql-other = ["SQLAlchemy (>=2.0.0)", "adbc-driver-postgresql (>=0.8.0)", "adbc-driver-sqlite (>=0.8.0)"]
html = ["beautifulsoup4 (>=4.11.2)", "html5lib (>=1.1)", "lxml (>=4.9.2)"]
xml = ["lxml (>=4.9.2)"]
plot = ["matplotlib (>=3.6.3)"]
output-formatting = ["jinja2 (>=3.1.2)", "tabulate (>=0.9.0)"]
clipboard = ["PyQt5 (>=5.15.9)", "qtpy (>=2.3.0)"]
compression = ["zstandard (>=0.19.0)"]
consortium-standard = ["dataframe-api-compat (>=0.1.7)"]
all = ["adbc-driver-postgresql (>=0.8.0)", "adbc-driver-sqlite (>=0.8.0)", "beautifulsoup4 (>=4.11.2)", "bottleneck (>=1.3.6)", "dataframe-api-compat (>=0.1.7)", "fastparquet (>=2022.12.0)", "fsspec (>=2022.11.0)", "gcsfs (>=2022.11.0)", "html5lib (>=1.1)", "hypothesis (>=6.46.1)", "jinja2 (>=3.1.2)", "lxml (>=4.9.2)", "matplotlib (>=3.6.3)", "numba (>=0.56.4)", "numexpr (>=2.8.4)", "odfpy (>=1.4.1)", "openpyxl (>=3.1.0)", "pandas-gbq (>=0.19.0)", "psycopg2 (>=2.9.6)", "pyarrow (>=10.0.1)", "pymysql (>=1.0.2)", "PyQt5 (>=5.15.9)", "pyreadstat (>=1.2.0)", "pytest (>=7.3.2)", "pytest-xdist (>=2.2.0)", "python-calamine (>=0.1.7)", "pyxlsb (>=1.0.10)", "qtpy (>=2.3.0)", "scipy (>=1.10.0)", "s3fs (>=2022.11.0)", "SQLAlchemy (>=2.0.0)", "tables (>=3.8.0)", "tabulate (>=0.9.0)", "xarray (>=2022.12.0)", "xlrd (>=2.0.1)", "xlsxwriter (>=3.0.5)", "zstandard (>=0.19.0)"]

[[package]]
name = "pexpect"
version = "4.9.0"
description = "Pexpect allows easy control of interactive console applications."
category = "main"
optional = false
python-versions = "*"

[package.dependencies]
ptyprocess = ">=0.5"

[[package]]
name = "pillow"
version = "11.3.0"
description = "Python Imaging Library (Fork)"
category = "main"
optional = false
python-versions = ">=3.9"

[package.extras]
docs = ["furo", "olefile", "sphinx (>=8.2)", "sphinx-autobuild", "sphinx-copybutton", "sphinx-inline-tabs", "sphinxext-opengraph"]
fpx = ["olefile"]
mic = ["olefile"]
test-arrow = ["pyarrow"]
tests = ["check-manifest", "coverage (>=7.4.2)", "defusedxml", "markdown2", "olefile", "packaging", "pyroma", "pytest", "pytest-cov", "pytest-timeout", "pytest-xdist", "trove-classifiers (>=2024.10.12)"]
typing = ["typing-extensions"]
xmp = ["defusedxml"]

[[package]]
name = "protobuf"
version = "6.32.0"
description = ""
category = "main"
optional = false
python-versions = ">=3.9"

[[package]]
name = "ptyprocess"
version = "0.7.0"
description = "Run a subprocess in a pseudo terminal"
category = "main"
optional = false
python-versions = "*"

[[package]]
name = "py"
version = "1.11.0"
description = "library with cross-python path, ini-parsing, io, code, log facilities"
category = "main"
optional = false
python-versions = ">=2.7, !=3.0.*, !=3.1.*, !=3.2.*, !=3.3.*, !=3.4.*"

[[package]]
name = "py-trees"
version = "2.3.0"
description = "pythonic implementation of behaviour trees"
category = "main"
optional = false
python-versions = "<4.0,>=3.9"

[package.dependencies]
py = ">=1.11.0,<2.0.0"
pydot = ">=1.4"

[[package]]
name = "pyasn1"
version = "0.6.1"
description = "Pure-Python implementation of ASN.1 types and DER/BER/CER codecs (X.208)"
category = "main"
optional = false
python-versions = ">=3.8"

[[package]]
name = "pyasn1-modules"
version = "0.4.2"
description = "A collection of ASN.1-based protocols modules"
category = "main"
optional = false
python-versions = ">=3.8"

[package.dependencies]
pyasn1 = ">=0.6.1,<0.7.0"

[[package]]
name = "pydot"
version = "4.0.1"
description = "Python interface to Graphviz's Dot"
category = "main"
optional = false
python-versions = ">=3.8"

[package.dependencies]
pyparsing = ">=3.1.0"

[package.extras]
lint = ["ruff"]
types = ["mypy"]
dev = ["pydot", "pydot", "chardet", "parameterized"]
tests = ["pydot", "tox", "pytest", "pytest-cov", "pytest-xdist"]
release = ["zest.releaser"]

[[package]]
name = "pygame"
version = "2.6.1"
description = "Python Game Development"
category = "main"
optional = false
python-versions = ">=3.6"

[[package]]
name = "pyparsing"
version = "3.2.3"
description = "pyparsing module - Classes and methods to define and execute parsing grammars"
category = "main"
optional = false
python-versions = ">=3.9"

[package.extras]
diagrams = ["railroad-diagrams", "jinja2"]

[[package]]
name = "python-dateutil"
version = "2.9.0.post0"
description = "Extensions to the standard Python datetime module"
category = "main"
optional = false
python-versions = "!=3.0.*,!=3.1.*,!=3.2.*,>=2.7"

[package.dependencies]
six = ">=1.5"

[[package]]
name = "pytz"
version = "2025.2"
description = "World timezone definitions, modern and historical"
category = "main"
optional = false
python-versions = "*"

[[package]]
name = "pyyaml"
version = "6.0.2"
description = "YAML parser and emitter for Python"
category = "main"
optional = false
python-versions = ">=3.8"

[[package]]
name = "requests"
version = "2.32.5"
description = "Python HTTP for Humans."
category = "main"
optional = false
python-versions = ">=3.9"

[package.dependencies]
certifi = ">=2017.4.17"
charset_normalizer = ">=2,<4"
idna = ">=2.5,<4"
urllib3 = ">=1.21.1,<3"

[package.extras]
socks = ["PySocks (>=1.5.6,!=1.5.7)"]
use-chardet-on-py3 = ["chardet (>=3.0.2,<6)"]

[[package]]
name = "requests-oauthlib"
version = "2.0.0"
description = "OAuthlib authentication support for Requests."
category = "main"
optional = false
python-versions = ">=3.4"

[package.dependencies]
oauthlib = ">=3.0.0"
requests = ">=2.0.0"

[package.extras]
rsa = ["oauthlib[signedtoken] (>=3.0.0)"]

[[package]]
name = "rsa"
version = "4.9.1"
description = "Pure-Python RSA implementation"
category = "main"
optional = false
python-versions = "<4,>=3.6"

[package.dependencies]
pyasn1 = ">=0.1.3"

[[package]]
name = "shapely"
version = "2.1.1"
description = "Manipulation and analysis of geometric objects"
category = "main"
optional = false
python-versions = ">=3.10"

[package.dependencies]
numpy = ">=1.21"

[package.extras]
test = ["pytest", "pytest-cov", "scipy-doctest"]
docs = ["numpydoc (>=1.1.0,<1.2.0)", "matplotlib", "sphinx", "sphinx-book-theme", "sphinx-remove-toctrees"]

[[package]]
name = "shimmy"
version = "2.0.0"
description = "An API conversion tool providing Gymnasium and PettingZoo bindings for popular external reinforcement learning environments."
category = "main"
optional = false
python-versions = ">=3.8"

[package.dependencies]
gymnasium = ">=1.0.0a1"
numpy = ">=1.18.0"

[package.extras]
all = ["gym (>=0.26.2)", "dm-control (>=1.0.10)", "imageio", "h5py (>=3.7.0)", "pettingzoo (>=1.23)", "dm-env (>=1.6)", "open-spiel (>=1.2)", "bsuite (>=0.3.5)", "dm-meltingpot (>=2.2.2)"]
bsuite = ["bsuite (>=0.3.5)"]
dm-control = ["dm-control (>=1.0.10)", "imageio", "h5py (>=3.7.0)"]
dm-control-multi-agent = ["dm-control (>=1.0.10)", "imageio", "h5py (>=3.7.0)", "pettingzoo (>=1.23)"]
dm-lab = ["dm-env (>=1.6)"]
gym-v21 = ["gym (>=0.21.0,<0.26)", "pyglet (==1.5.11)"]
gym-v26 = ["gym (>=0.26.2)"]
meltingpot = ["pettingzoo (>=1.23)", "dm-meltingpot (>=2.2.2)"]
openspiel = ["open-spiel (>=1.2)", "pettingzoo (>=1.23)"]
testing = ["pytest (>=7.1.3)", "pillow (>=9.3.0)"]

[[package]]
name = "simple-watchdog-timer"
version = "0.1.1"
description = "A simple WatchDog Timer (WDT) to trigger events if inactivity, of a time dependent task, occur for a specified amount of time."
category = "main"
optional = false
python-versions = "*"

[[package]]
name = "six"
version = "1.17.0"
description = "Python 2 and 3 compatibility utilities"
category = "main"
optional = false
python-versions = "!=3.0.*,!=3.1.*,!=3.2.*,>=2.7"

[[package]]
name = "smmap"
version = "6.0.0"
description = "A pure Python implementation of a sliding window memory map manager"
category = "main"
optional = false
python-versions = ">=3.8"

[[package]]
name = "stable-baselines3"
version = "2.7.0"
description = "Pytorch version of Stable Baselines, implementations of reinforcement learning algorithms."
category = "main"
optional = false
python-versions = ">=3.9"

[package.dependencies]
cloudpickle = "*"
gymnasium = ">=0.29.1,<1.3.0"
matplotlib = "*"
numpy = ">=1.20,<3.0"
pandas = "*"
torch = ">=2.3,<3.0"

[package.extras]
tests = ["pytest", "pytest-cov", "pytest-env", "pytest-xdist", "mypy", "ruff (>=0.3.1)", "black (>=25.1.0,<26)"]
docs = ["sphinx (>=5,<9)", "sphinx-autobuild", "sphinx-rtd-theme (>=1.3.0)", "sphinxcontrib.spelling", "sphinx-copybutton"]
extra = ["opencv-python", "pygame", "tensorboard (>=2.9.1)", "psutil", "tqdm", "rich", "ale-py (>=0.9.0)", "pillow"]

[[package]]
name = "sympy"
version = "1.14.0"
description = "Computer algebra system (CAS) in Python"
category = "main"
optional = false
python-versions = ">=3.9"

[package.dependencies]
mpmath = ">=1.1.0,<1.4"

[package.extras]
dev = ["pytest (>=7.1.0)", "hypothesis (>=6.70.0)"]

[[package]]
name = "tabulate"
version = "0.9.0"
description = "Pretty-print tabular data"
category = "main"
optional = false
python-versions = ">=3.7"

[package.extras]
widechars = ["wcwidth"]

[[package]]
name = "tensorboard"
version = "2.20.0"
description = "TensorBoard lets you watch Tensors Flow"
category = "main"
optional = false
python-versions = ">=3.9"

[package.dependencies]
absl-py = ">=0.4"
grpcio = ">=1.48.2"
markdown = ">=2.6.8"
numpy = ">=1.12.0"
packaging = "*"
pillow = "*"
protobuf = ">=3.19.6,<4.24.0 || >4.24.0"
tensorboard-data-server = ">=0.7.0,<0.8.0"
werkzeug = ">=1.0.1"

[[package]]
name = "tensorboard-data-server"
version = "0.7.2"
description = "Fast data loading for TensorBoard"
category = "main"
optional = false
python-versions = ">=3.7"

[[package]]
name = "tensorboard-plugin-wit"
version = "1.8.1"
description = "What-If Tool TensorBoard plugin."
category = "main"
optional = false
python-versions = "*"

[[package]]
name = "termcolor"
version = "3.1.0"
description = "ANSI color formatting for output in terminal"
category = "main"
optional = false
python-versions = ">=3.9"

[package.extras]
tests = ["pytest", "pytest-cov"]

[[package]]
name = "torch"
version = "2.8.0"
description = "Tensors and Dynamic neural networks in Python with strong GPU acceleration"
category = "main"
optional = false
python-versions = ">=3.9.0"

[package.dependencies]
filelock = "*"
fsspec = "*"
jinja2 = "*"
networkx = "*"
nvidia-cublas-cu12 = {version = "12.8.4.1", markers = "platform_system == \"Linux\" and platform_machine == \"x86_64\""}
nvidia-cuda-cupti-cu12 = {version = "12.8.90", markers = "platform_system == \"Linux\" and platform_machine == \"x86_64\""}
nvidia-cuda-nvrtc-cu12 = {version = "12.8.93", markers = "platform_system == \"Linux\" and platform_machine == \"x86_64\""}
nvidia-cuda-runtime-cu12 = {version = "12.8.90", markers = "platform_system == \"Linux\" and platform_machine == \"x86_64\""}
nvidia-cudnn-cu12 = {version = "9.10.2.21", markers = "platform_system == \"Linux\" and platform_machine == \"x86_64\""}
nvidia-cufft-cu12 = {version = "11.3.3.83", markers = "platform_system == \"Linux\" and platform_machine == \"x86_64\""}
nvidia-cufile-cu12 = {version = "1.13.1.3", markers = "platform_system == \"Linux\" and platform_machine == \"x86_64\""}
nvidia-curand-cu12 = {version = "10.3.9.90", markers = "platform_system == \"Linux\" and platform_machine == \"x86_64\""}
nvidia-cusolver-cu12 = {version = "11.7.3.90", markers = "platform_system == \"Linux\" and platform_machine == \"x86_64\""}
nvidia-cusparse-cu12 = {version = "12.5.8.93", markers = "platform_system == \"Linux\" and platform_machine == \"x86_64\""}
nvidia-cusparselt-cu12 = {version = "0.7.1", markers = "platform_system == \"Linux\" and platform_machine == \"x86_64\""}
nvidia-nccl-cu12 = {version = "2.27.3", markers = "platform_system == \"Linux\" and platform_machine == \"x86_64\""}
nvidia-nvjitlink-cu12 = {version = "12.8.93", markers = "platform_system == \"Linux\" and platform_machine == \"x86_64\""}
nvidia-nvtx-cu12 = {version = "12.8.90", markers = "platform_system == \"Linux\" and platform_machine == \"x86_64\""}
sympy = ">=1.13.3"
triton = {version = "3.4.0", markers = "platform_system == \"Linux\" and platform_machine == \"x86_64\""}
typing-extensions = ">=4.10.0"

[package.extras]
optree = ["optree (>=0.13.0)"]
opt-einsum = ["opt-einsum (>=3.3)"]
pyyaml = ["pyyaml"]

[[package]]
name = "transforms3d"
version = "0.4.2"
description = "Functions for 3D coordinate transformations"
category = "main"
optional = false
python-versions = ">=3.6"

[package.dependencies]
numpy = ">=1.15"

[[package]]
name = "triton"
version = "3.4.0"
description = "A language and compiler for custom Deep Learning operations"
category = "main"
optional = false
python-versions = "<3.14,>=3.9"

[package.extras]
build = ["cmake (>=3.20,<4.0)", "lit"]
tests = ["autopep8", "isort", "numpy", "pytest", "pytest-forked", "pytest-xdist", "scipy (>=1.7.1)", "llnl-hatchet"]
tutorials = ["matplotlib", "pandas", "tabulate"]

[[package]]
name = "typing-extensions"
version = "4.15.0"
description = "Backported and Experimental Type Hints for Python 3.9+"
category = "main"
optional = false
python-versions = ">=3.9"

[[package]]
name = "tzdata"
version = "2025.2"
description = "Provider of IANA time zone data"
category = "main"
optional = false
python-versions = ">=2"

[[package]]
name = "urllib3"
version = "2.5.0"
description = "HTTP library with thread-safe connection pooling, file post, and more."
category = "main"
optional = false
python-versions = ">=3.9"

[package.extras]
brotli = ["brotli (>=1.0.9)", "brotlicffi (>=0.8.0)"]
h2 = ["h2 (>=4,<5)"]
socks = ["pysocks (>=1.5.6,!=1.5.7,<2.0)"]
zstd = ["zstandard (>=0.18.0)"]

[[package]]
name = "werkzeug"
version = "3.1.3"
description = "The comprehensive WSGI web application library."
category = "main"
optional = false
python-versions = ">=3.9"

[package.dependencies]
MarkupSafe = ">=2.1.1"

[package.extras]
watchdog = ["watchdog (>=2.3)"]

[[package]]
name = "wrapt"
version = "1.17.3"
description = "Module for decorators, wrappers and monkey patching."
category = "main"
optional = false
python-versions = ">=3.8"

[[package]]
name = "zipp"
version = "3.23.0"
description = "Backport of pathlib-compatible object wrapper for zip files"
category = "main"
optional = false
python-versions = ">=3.9"

[package.extras]
test = ["pytest (>=6,<8.1.0 || >=8.2.0)", "jaraco.itertools", "jaraco.functools", "more-itertools", "big-o", "pytest-ignore-flaky", "jaraco.test"]
doc = ["sphinx (>=3.5)", "jaraco.packaging (>=9.3)", "rst.linker (>=1.9)", "furo", "sphinx-lint", "jaraco.tidelift (>=1.4)"]
check = ["pytest-checkdocs (>=2.4)", "pytest-ruff (>=0.2.1)"]
cover = ["pytest-cov"]
enabler = ["pytest-enabler (>=2.2)"]
type = ["pytest-mypy"]

[metadata]
lock-version = "1.1"
python-versions = ">=3.10, <3.11"
content-hash = "a7055259f1b2d16437ed9e6cbfde59c1ee122ae6781bbe08b25bc7e62c59bcc1"

[metadata.files]
absl-py = []
antlr4-python3-runtime = []
astor = []
cachetools = []
carla = []
certifi = []
charset-normalizer = []
cloudpickle = []
contourpy = []
cycler = []
dictor = []
easydict = []
ephem = []
farama-notifications = []
filelock = []
fonttools = []
fsspec = []
future = []
gast = []
google-pasta = []
grpcio = []
gym-notices = []
gymnasium = []
h5py = []
idna = []
importlib-metadata = []
importlib-resources = []
jax-jumpy = []
jinja2 = []
joblib = []
keras-applications = []
keras-preprocessing = []
kiwisolver = []
lanelet2 = []
laspy = []
markdown = []
markupsafe = []
matplotlib = []
mpi4py = []
mpmath = []
networkx = []
numpy = []
nvidia-cublas-cu11 = []
nvidia-cublas-cu12 = []
nvidia-cuda-cupti-cu12 = []
nvidia-cuda-nvrtc-cu11 = []
nvidia-cuda-nvrtc-cu12 = []
nvidia-cuda-runtime-cu11 = []
nvidia-cuda-runtime-cu12 = []
nvidia-cudnn-cu11 = []
nvidia-cudnn-cu12 = []
nvidia-cufft-cu12 = []
nvidia-cufile-cu12 = []
nvidia-curand-cu12 = []
nvidia-cusolver-cu12 = []
nvidia-cusparse-cu12 = []
nvidia-cusparselt-cu12 = []
nvidia-nccl-cu12 = []
nvidia-nvjitlink-cu12 = []
nvidia-nvtx-cu12 = []
oauthlib = []
packaging = []
pandas = []
pexpect = []
pillow = []
protobuf = []
ptyprocess = []
py = []
py-trees = []
pyasn1 = []
pyasn1-modules = []
pydot = []
pygame = []
pyparsing = []
python-dateutil = []
pytz = []
pyyaml = []
requests = []
requests-oauthlib = []
rsa = []
shapely = []
shimmy = []
simple-watchdog-timer = []
six = []
smmap = []
stable-baselines3 = []
sympy = []
tabulate = []
tensorboard = []
tensorboard-data-server = []
tensorboard-plugin-wit = []
termcolor = []
torch = []
transforms3d = []
triton = []
typing-extensions = []
tzdata = []
urllib3 = []
werkzeug = []
wrapt = []
zipp = []
